
Microsoft Visual Studio Solution File, Format Version 12.00
# Visual Studio Version 17
VisualStudioVersion = 17.9.34723.18
MinimumVisualStudioVersion = 10.0.40219.1
Project("{FAE04EC0-301F-11D3-BF4B-00C04F79EFBC}") = "ST10040092RecipeAppPROG6221", "ST10040092RecipeAppPROG6221.csproj", "{34728B5D-D05E-4911-95FC-235D9CE85E0D}"
EndProject
Global
	GlobalSection(SolutionConfigurationPlatforms) = preSolution
		Debug|Any CPU = Debug|Any CPU
		Release|Any CPU = Release|Any CPU
	EndGlobalSection
	GlobalSection(ProjectConfigurationPlatforms) = postSolution
		{34728B5D-D05E-4911-95FC-235D9CE85E0D}.Debug|Any CPU.ActiveCfg = Debug|Any CPU
		{34728B5D-D05E-4911-95FC-235D9CE85E0D}.Debug|Any CPU.Build.0 = Debug|Any CPU
		{34728B5D-D05E-4911-95FC-235D9CE85E0D}.Release|Any CPU.ActiveCfg = Release|Any CPU
		{34728B5D-D05E-4911-95FC-235D9CE85E0D}.Release|Any CPU.Build.0 = Release|Any CPU
	EndGlobalSection
	GlobalSection(SolutionProperties) = preSolution
		HideSolutionNode = FALSE
	EndGlobalSection
	GlobalSection(ExtensibilityGlobals) = postSolution
		SolutionGuid = {6B969405-9DDB-4DE0-9923-A7A1AC0D40CC}
	EndGlobalSection
EndGlobal
